{"filter":false,"title":"Gemfile.lock","tooltip":"/NaganoGeek/Gemfile.lock","undoManager":{"mark":-1,"position":-1,"stack":[]},"ace":{"folds":[],"scrolltop":1275,"scrollleft":0,"selection":{"start":{"row":0,"column":0},"end":{"row":0,"column":0},"isBackwards":false},"options":{"guessTabSize":true,"useWrapMode":false,"wrapToView":true},"firstLineState":0},"timestamp":1658728598729,"hash":"27f82dc9b999853d6002bf616a5cce746f664072"}